// !$*UTF8*$!
{
	archiveVersion = 1;
	classes = {
	};
	objectVersion = 50;
	objects = {

/* Begin PBXBuildFile section */
		4F2C648820883DB600D3A74C /* NSObject+ClassName.swift in Sources */ = {isa = PBXBuildFile; fileRef = 4F2C648720883DB600D3A74C /* NSObject+ClassName.swift */; };
		4F8B45F22080A69700AEBE9D /* AppDelegate.swift in Sources */ = {isa = PBXBuildFile; fileRef = 4F8B45F12080A69700AEBE9D /* AppDelegate.swift */; };
		4F8B45F42080A69700AEBE9D /* SingleVideoVC.swift in Sources */ = {isa = PBXBuildFile; fileRef = 4F8B45F32080A69700AEBE9D /* SingleVideoVC.swift */; };
		4F8B45F62080A69700AEBE9D /* ListingVideoVC.swift in Sources */ = {isa = PBXBuildFile; fileRef = 4F8B45F52080A69700AEBE9D /* ListingVideoVC.swift */; };
		4F8B45F92080A69700AEBE9D /* Main.storyboard in Resources */ = {isa = PBXBuildFile; fileRef = 4F8B45F72080A69700AEBE9D /* Main.storyboard */; };
		4F8B45FB2080A69A00AEBE9D /* Assets.xcassets in Resources */ = {isa = PBXBuildFile; fileRef = 4F8B45FA2080A69A00AEBE9D /* Assets.xcassets */; };
		4F8B45FE2080A69A00AEBE9D /* LaunchScreen.storyboard in Resources */ = {isa = PBXBuildFile; fileRef = 4F8B45FC2080A69A00AEBE9D /* LaunchScreen.storyboard */; };
		4F8B46092080A69B00AEBE9D /* VideoPlayDemoTests.swift in Sources */ = {isa = PBXBuildFile; fileRef = 4F8B46082080A69B00AEBE9D /* VideoPlayDemoTests.swift */; };
		4F8B46142080A69B00AEBE9D /* VideoPlayDemoUITests.swift in Sources */ = {isa = PBXBuildFile; fileRef = 4F8B46132080A69B00AEBE9D /* VideoPlayDemoUITests.swift */; };
		4F8B46222080A6D600AEBE9D /* AVPlayerView.swift in Sources */ = {isa = PBXBuildFile; fileRef = 4F8B46212080A6D600AEBE9D /* AVPlayerView.swift */; };
		4F8B46242080AA1100AEBE9D /* VideoCell.swift in Sources */ = {isa = PBXBuildFile; fileRef = 4F8B46232080AA1100AEBE9D /* VideoCell.swift */; };
		4F8B46262080AA3900AEBE9D /* VideoCell.xib in Resources */ = {isa = PBXBuildFile; fileRef = 4F8B46252080AA3900AEBE9D /* VideoCell.xib */; };
/* End PBXBuildFile section */

/* Begin PBXContainerItemProxy section */
		4F8B46052080A69A00AEBE9D /* PBXContainerItemProxy */ = {
			isa = PBXContainerItemProxy;
			containerPortal = 4F8B45E62080A69700AEBE9D /* Project object */;
			proxyType = 1;
			remoteGlobalIDString = 4F8B45ED2080A69700AEBE9D;
			remoteInfo = VideoPlayDemo;
		};
		4F8B46102080A69B00AEBE9D /* PBXContainerItemProxy */ = {
			isa = PBXContainerItemProxy;
			containerPortal = 4F8B45E62080A69700AEBE9D /* Project object */;
			proxyType = 1;
			remoteGlobalIDString = 4F8B45ED2080A69700AEBE9D;
			remoteInfo = VideoPlayDemo;
		};
/* End PBXContainerItemProxy section */

/* Begin PBXFileReference section */
		4F2C648720883DB600D3A74C /* NSObject+ClassName.swift */ = {isa = PBXFileReference; lastKnownFileType = sourcecode.swift; path = "NSObject+ClassName.swift"; sourceTree = "<group>"; };
		4F8B45EE2080A69700AEBE9D /* VideoPlayDemo.app */ = {isa = PBXFileReference; explicitFileType = wrapper.application; includeInIndex = 0; path = VideoPlayDemo.app; sourceTree = BUILT_PRODUCTS_DIR; };
		4F8B45F12080A69700AEBE9D /* AppDelegate.swift */ = {isa = PBXFileReference; lastKnownFileType = sourcecode.swift; path = AppDelegate.swift; sourceTree = "<group>"; };
		4F8B45F32080A69700AEBE9D /* SingleVideoVC.swift */ = {isa = PBXFileReference; lastKnownFileType = sourcecode.swift; path = SingleVideoVC.swift; sourceTree = "<group>"; };
		4F8B45F52080A69700AEBE9D /* ListingVideoVC.swift */ = {isa = PBXFileReference; lastKnownFileType = sourcecode.swift; path = ListingVideoVC.swift; sourceTree = "<group>"; };
		4F8B45F82080A69700AEBE9D /* Base */ = {isa = PBXFileReference; lastKnownFileType = file.storyboard; name = Base; path = Base.lproj/Main.storyboard; sourceTree = "<group>"; };
		4F8B45FA2080A69A00AEBE9D /* Assets.xcassets */ = {isa = PBXFileReference; lastKnownFileType = folder.assetcatalog; path = Assets.xcassets; sourceTree = "<group>"; };
		4F8B45FD2080A69A00AEBE9D /* Base */ = {isa = PBXFileReference; lastKnownFileType = file.storyboard; name = Base; path = Base.lproj/LaunchScreen.storyboard; sourceTree = "<group>"; };
		4F8B45FF2080A69A00AEBE9D /* Info.plist */ = {isa = PBXFileReference; lastKnownFileType = text.plist.xml; path = Info.plist; sourceTree = "<group>"; };
		4F8B46042080A69A00AEBE9D /* VideoPlayDemoTests.xctest */ = {isa = PBXFileReference; explicitFileType = wrapper.cfbundle; includeInIndex = 0; path = VideoPlayDemoTests.xctest; sourceTree = BUILT_PRODUCTS_DIR; };
		4F8B46082080A69B00AEBE9D /* VideoPlayDemoTests.swift */ = {isa = PBXFileReference; lastKnownFileType = sourcecode.swift; path = VideoPlayDemoTests.swift; sourceTree = "<group>"; };
		4F8B460A2080A69B00AEBE9D /* Info.plist */ = {isa = PBXFileReference; lastKnownFileType = text.plist.xml; path = Info.plist; sourceTree = "<group>"; };
		4F8B460F2080A69B00AEBE9D /* VideoPlayDemoUITests.xctest */ = {isa = PBXFileReference; explicitFileType = wrapper.cfbundle; includeInIndex = 0; path = VideoPlayDemoUITests.xctest; sourceTree = BUILT_PRODUCTS_DIR; };
		4F8B46132080A69B00AEBE9D /* VideoPlayDemoUITests.swift */ = {isa = PBXFileReference; lastKnownFileType = sourcecode.swift; path = VideoPlayDemoUITests.swift; sourceTree = "<group>"; };
		4F8B46152080A69B00AEBE9D /* Info.plist */ = {isa = PBXFileReference; lastKnownFileType = text.plist.xml; path = Info.plist; sourceTree = "<group>"; };
		4F8B46212080A6D600AEBE9D /* AVPlayerView.swift */ = {isa = PBXFileReference; lastKnownFileType = sourcecode.swift; path = AVPlayerView.swift; sourceTree = "<group>"; };
		4F8B46232080AA1100AEBE9D /* VideoCell.swift */ = {isa = PBXFileReference; lastKnownFileType = sourcecode.swift; path = VideoCell.swift; sourceTree = "<group>"; };
		4F8B46252080AA3900AEBE9D /* VideoCell.xib */ = {isa = PBXFileReference; lastKnownFileType = file.xib; path = VideoCell.xib; sourceTree = "<group>"; };
/* End PBXFileReference section */

/* Begin PBXFrameworksBuildPhase section */
		4F8B45EB2080A69700AEBE9D /* Frameworks */ = {
			isa = PBXFrameworksBuildPhase;
			buildActionMask = 2147483647;
			files = (
			);
			runOnlyForDeploymentPostprocessing = 0;
		};
		4F8B46012080A69A00AEBE9D /* Frameworks */ = {
			isa = PBXFrameworksBuildPhase;
			buildActionMask = 2147483647;
			files = (
			);
			runOnlyForDeploymentPostprocessing = 0;
		};
		4F8B460C2080A69B00AEBE9D /* Frameworks */ = {
			isa = PBXFrameworksBuildPhase;
			buildActionMask = 2147483647;
			files = (
			);
			runOnlyForDeploymentPostprocessing = 0;
		};
/* End PBXFrameworksBuildPhase section */

/* Begin PBXGroup section */
		4F8B45E52080A69700AEBE9D = {
			isa = PBXGroup;
			children = (
				4F8B45F02080A69700AEBE9D /* VideoPlayDemo */,
				4F8B46072080A69B00AEBE9D /* VideoPlayDemoTests */,
				4F8B46122080A69B00AEBE9D /* VideoPlayDemoUITests */,
				4F8B45EF2080A69700AEBE9D /* Products */,
			);
			sourceTree = "<group>";
		};
		4F8B45EF2080A69700AEBE9D /* Products */ = {
			isa = PBXGroup;
			children = (
				4F8B45EE2080A69700AEBE9D /* VideoPlayDemo.app */,
				4F8B46042080A69A00AEBE9D /* VideoPlayDemoTests.xctest */,
				4F8B460F2080A69B00AEBE9D /* VideoPlayDemoUITests.xctest */,
			);
			name = Products;
			sourceTree = "<group>";
		};
		4F8B45F02080A69700AEBE9D /* VideoPlayDemo */ = {
			isa = PBXGroup;
			children = (
				4F8B45F12080A69700AEBE9D /* AppDelegate.swift */,
				4F8B45F32080A69700AEBE9D /* SingleVideoVC.swift */,
				4F8B45F52080A69700AEBE9D /* ListingVideoVC.swift */,
				4F8B45F72080A69700AEBE9D /* Main.storyboard */,
				4F8B46212080A6D600AEBE9D /* AVPlayerView.swift */,
				4F8B46232080AA1100AEBE9D /* VideoCell.swift */,
				4F8B46252080AA3900AEBE9D /* VideoCell.xib */,
				4F2C648720883DB600D3A74C /* NSObject+ClassName.swift */,
				4F8B45FC2080A69A00AEBE9D /* LaunchScreen.storyboard */,
				4F8B45FA2080A69A00AEBE9D /* Assets.xcassets */,
				4F8B45FF2080A69A00AEBE9D /* Info.plist */,
			);
			path = VideoPlayDemo;
			sourceTree = "<group>";
		};
		4F8B46072080A69B00AEBE9D /* VideoPlayDemoTests */ = {
			isa = PBXGroup;
			children = (
				4F8B46082080A69B00AEBE9D /* VideoPlayDemoTests.swift */,
				4F8B460A2080A69B00AEBE9D /* Info.plist */,
			);
			path = VideoPlayDemoTests;
			sourceTree = "<group>";
		};
		4F8B46122080A69B00AEBE9D /* VideoPlayDemoUITests */ = {
			isa = PBXGroup;
			children = (
				4F8B46132080A69B00AEBE9D /* VideoPlayDemoUITests.swift */,
				4F8B46152080A69B00AEBE9D /* Info.plist */,
			);
			path = VideoPlayDemoUITests;
			sourceTree = "<group>";
		};
/* End PBXGroup section */

/* Begin PBXNativeTarget section */
		4F8B45ED2080A69700AEBE9D /* VideoPlayDemo */ = {
			isa = PBXNativeTarget;
			buildConfigurationList = 4F8B46182080A69B00AEBE9D /* Build configuration list for PBXNativeTarget "VideoPlayDemo" */;
			buildPhases = (
				4F8B45EA2080A69700AEBE9D /* Sources */,
				4F8B45EB2080A69700AEBE9D /* Frameworks */,
				4F8B45EC2080A69700AEBE9D /* Resources */,
			);
			buildRules = (
			);
			dependencies = (
			);
			name = VideoPlayDemo;
			productName = VideoPlayDemo;
			productReference = 4F8B45EE2080A69700AEBE9D /* VideoPlayDemo.app */;
			productType = "com.apple.product-type.application";
		};
		4F8B46032080A69A00AEBE9D /* VideoPlayDemoTests */ = {
			isa = PBXNativeTarget;
			buildConfigurationList = 4F8B461B2080A69B00AEBE9D /* Build configuration list for PBXNativeTarget "VideoPlayDemoTests" */;
			buildPhases = (
				4F8B46002080A69A00AEBE9D /* Sources */,
				4F8B46012080A69A00AEBE9D /* Frameworks */,
				4F8B46022080A69A00AEBE9D /* Resources */,
			);
			buildRules = (
			);
			dependencies = (
				4F8B46062080A69A00AEBE9D /* PBXTargetDependency */,
			);
			name = VideoPlayDemoTests;
			productName = VideoPlayDemoTests;
			productReference = 4F8B46042080A69A00AEBE9D /* VideoPlayDemoTests.xctest */;
			productType = "com.apple.product-type.bundle.unit-test";
		};
		4F8B460E2080A69B00AEBE9D /* VideoPlayDemoUITests */ = {
			isa = PBXNativeTarget;
			buildConfigurationList = 4F8B461E2080A69B00AEBE9D /* Build configuration list for PBXNativeTarget "VideoPlayDemoUITests" */;
			buildPhases = (
				4F8B460B2080A69B00AEBE9D /* Sources */,
				4F8B460C2080A69B00AEBE9D /* Frameworks */,
				4F8B460D2080A69B00AEBE9D /* Resources */,
			);
			buildRules = (
			);
			dependencies = (
				4F8B46112080A69B00AEBE9D /* PBXTargetDependency */,
			);
			name = VideoPlayDemoUITests;
			productName = VideoPlayDemoUITests;
			productReference = 4F8B460F2080A69B00AEBE9D /* VideoPlayDemoUITests.xctest */;
			productType = "com.apple.product-type.bundle.ui-testing";
		};
/* End PBXNativeTarget section */

/* Begin PBXProject section */
		4F8B45E62080A69700AEBE9D /* Project object */ = {
			isa = PBXProject;
			attributes = {
				LastSwiftUpdateCheck = 0930;
				LastUpgradeCheck = 0930;
				ORGANIZATIONNAME = Lurf;
				TargetAttributes = {
					4F8B45ED2080A69700AEBE9D = {
						CreatedOnToolsVersion = 9.3;
					};
					4F8B46032080A69A00AEBE9D = {
						CreatedOnToolsVersion = 9.3;
						TestTargetID = 4F8B45ED2080A69700AEBE9D;
					};
					4F8B460E2080A69B00AEBE9D = {
						CreatedOnToolsVersion = 9.3;
						TestTargetID = 4F8B45ED2080A69700AEBE9D;
					};
				};
			};
			buildConfigurationList = 4F8B45E92080A69700AEBE9D /* Build configuration list for PBXProject "VideoPlayDemo" */;
			compatibilityVersion = "Xcode 9.3";
			developmentRegion = en;
			hasScannedForEncodings = 0;
			knownRegions = (
				en,
				Base,
			);
			mainGroup = 4F8B45E52080A69700AEBE9D;
			productRefGroup = 4F8B45EF2080A69700AEBE9D /* Products */;
			projectDirPath = "";
			projectRoot = "";
			targets = (
				4F8B45ED2080A69700AEBE9D /* VideoPlayDemo */,
				4F8B46032080A69A00AEBE9D /* VideoPlayDemoTests */,
				4F8B460E2080A69B00AEBE9D /* VideoPlayDemoUITests */,
			);
		};
/* End PBXProject section */

/* Begin PBXResourcesBuildPhase section */
		4F8B45EC2080A69700AEBE9D /* Resources */ = {
			isa = PBXResourcesBuildPhase;
			buildActionMask = 2147483647;
			files = (
				4F8B45FE2080A69A00AEBE9D /* LaunchScreen.storyboard in Resources */,
				4F8B46262080AA3900AEBE9D /* VideoCell.xib in Resources */,
				4F8B45FB2080A69A00AEBE9D /* Assets.xcassets in Resources */,
				4F8B45F92080A69700AEBE9D /* Main.storyboard in Resources */,
			);
			runOnlyForDeploymentPostprocessing = 0;
		};
		4F8B46022080A69A00AEBE9D /* Resources */ = {
			isa = PBXResourcesBuildPhase;
			buildActionMask = 2147483647;
			files = (
			);
			runOnlyForDeploymentPostprocessing = 0;
		};
		4F8B460D2080A69B00AEBE9D /* Resources */ = {
			isa = PBXResourcesBuildPhase;
			buildActionMask = 2147483647;
			files = (
			);
			runOnlyForDeploymentPostprocessing = 0;
		};
/* End PBXResourcesBuildPhase section */

/* Begin PBXSourcesBuildPhase section */
		4F8B45EA2080A69700AEBE9D /* Sources */ = {
			isa = PBXSourcesBuildPhase;
			buildActionMask = 2147483647;
			files = (
				4F8B46242080AA1100AEBE9D /* VideoCell.swift in Sources */,
				4F2C648820883DB600D3A74C /* NSObject+ClassName.swift in Sources */,
				4F8B46222080A6D600AEBE9D /* AVPlayerView.swift in Sources */,
				4F8B45F62080A69700AEBE9D /* ListingVideoVC.swift in Sources */,
				4F8B45F22080A69700AEBE9D /* AppDelegate.swift in Sources */,
				4F8B45F42080A69700AEBE9D /* SingleVideoVC.swift in Sources */,
			);
			runOnlyForDeploymentPostprocessing = 0;
		};
		4F8B46002080A69A00AEBE9D /* Sources */ = {
			isa = PBXSourcesBuildPhase;
			buildActionMask = 2147483647;
			files = (
				4F8B46092080A69B00AEBE9D /* VideoPlayDemoTests.swift in Sources */,
			);
			runOnlyForDeploymentPostprocessing = 0;
		};
		4F8B460B2080A69B00AEBE9D /* Sources */ = {
			isa = PBXSourcesBuildPhase;
			buildActionMask = 2147483647;
			files = (
				4F8B46142080A69B00AEBE9D /* VideoPlayDemoUITests.swift in Sources */,
			);
			runOnlyForDeploymentPostprocessing = 0;
		};
/* End PBXSourcesBuildPhase section */

/* Begin PBXTargetDependency section */
		4F8B46062080A69A00AEBE9D /* PBXTargetDependency */ = {
			isa = PBXTargetDependency;
			target = 4F8B45ED2080A69700AEBE9D /* VideoPlayDemo */;
			targetProxy = 4F8B46052080A69A00AEBE9D /* PBXContainerItemProxy */;
		};
		4F8B46112080A69B00AEBE9D /* PBXTargetDependency */ = {
			isa = PBXTargetDependency;
			target = 4F8B45ED2080A69700AEBE9D /* VideoPlayDemo */;
			targetProxy = 4F8B46102080A69B00AEBE9D /* PBXContainerItemProxy */;
		};
/* End PBXTargetDependency section */

/* Begin PBXVariantGroup section */
		4F8B45F72080A69700AEBE9D /* Main.storyboard */ = {
			isa = PBXVariantGroup;
			children = (
				4F8B45F82080A69700AEBE9D /* Base */,
			);
			name = Main.storyboard;
			sourceTree = "<group>";
		};
		4F8B45FC2080A69A00AEBE9D /* LaunchScreen.storyboard */ = {
			isa = PBXVariantGroup;
			children = (
				4F8B45FD2080A69A00AEBE9D /* Base */,
			);
			name = LaunchScreen.storyboard;
			sourceTree = "<group>";
		};
/* End PBXVariantGroup section */

/* Begin XCBuildConfiguration section */
		4F8B46162080A69B00AEBE9D /* Debug */ = {
			isa = XCBuildConfiguration;
			buildSettings = {
				ALWAYS_SEARCH_USER_PATHS = NO;
				CLANG_ANALYZER_NONNULL = YES;
				CLANG_ANALYZER_NUMBER_OBJECT_CONVERSION = YES_AGGRESSIVE;
				CLANG_CXX_LANGUAGE_STANDARD = "gnu++14";
				CLANG_CXX_LIBRARY = "libc++";
				CLANG_ENABLE_MODULES = YES;
				CLANG_ENABLE_OBJC_ARC = YES;
				CLANG_ENABLE_OBJC_WEAK = YES;
				CLANG_WARN_BLOCK_CAPTURE_AUTORELEASING = YES;
				CLANG_WARN_BOOL_CONVERSION = YES;
				CLANG_WARN_COMMA = YES;
				CLANG_WARN_CONSTANT_CONVERSION = YES;
				CLANG_WARN_DEPRECATED_OBJC_IMPLEMENTATIONS = YES;
				CLANG_WARN_DIRECT_OBJC_ISA_USAGE = YES_ERROR;
				CLANG_WARN_DOCUMENTATION_COMMENTS = YES;
				CLANG_WARN_EMPTY_BODY = YES;
				CLANG_WARN_ENUM_CONVERSION = YES;
				CLANG_WARN_INFINITE_RECURSION = YES;
				CLANG_WARN_INT_CONVERSION = YES;
				CLANG_WARN_NON_LITERAL_NULL_CONVERSION = YES;
				CLANG_WARN_OBJC_IMPLICIT_RETAIN_SELF = YES;
				CLANG_WARN_OBJC_LITERAL_CONVERSION = YES;
				CLANG_WARN_OBJC_ROOT_CLASS = YES_ERROR;
				CLANG_WARN_RANGE_LOOP_ANALYSIS = YES;
				CLANG_WARN_STRICT_PROTOTYPES = YES;
				CLANG_WARN_SUSPICIOUS_MOVE = YES;
				CLANG_WARN_UNGUARDED_AVAILABILITY = YES_AGGRESSIVE;
				CLANG_WARN_UNREACHABLE_CODE = YES;
				CLANG_WARN__DUPLICATE_METHOD_MATCH = YES;
				CODE_SIGN_IDENTITY = "iPhone Developer";
				COPY_PHASE_STRIP = NO;
				DEBUG_INFORMATION_FORMAT = dwarf;
				ENABLE_STRICT_OBJC_MSGSEND = YES;
				ENABLE_TESTABILITY = YES;
				GCC_C_LANGUAGE_STANDARD = gnu11;
				GCC_DYNAMIC_NO_PIC = NO;
				GCC_NO_COMMON_BLOCKS = YES;
				GCC_OPTIMIZATION_LEVEL = 0;
				GCC_PREPROCESSOR_DEFINITIONS = (
					"DEBUG=1",
					"$(inherited)",
				);
				GCC_WARN_64_TO_32_BIT_CONVERSION = YES;
				GCC_WARN_ABOUT_RETURN_TYPE = YES_ERROR;
				GCC_WARN_UNDECLARED_SELECTOR = YES;
				GCC_WARN_UNINITIALIZED_AUTOS = YES_AGGRESSIVE;
				GCC_WARN_UNUSED_FUNCTION = YES;
				GCC_WARN_UNUSED_VARIABLE = YES;
				IPHONEOS_DEPLOYMENT_TARGET = 11.3;
				MTL_ENABLE_DEBUG_INFO = YES;
				ONLY_ACTIVE_ARCH = YES;
				SDKROOT = iphoneos;
				SWIFT_ACTIVE_COMPILATION_CONDITIONS = DEBUG;
				SWIFT_OPTIMIZATION_LEVEL = "-Onone";
			};
			name = Debug;
		};
		4F8B46172080A69B00AEBE9D /* Release */ = {
			isa = XCBuildConfiguration;
			buildSettings = {
				ALWAYS_SEARCH_USER_PATHS = NO;
				CLANG_ANALYZER_NONNULL = YES;
				CLANG_ANALYZER_NUMBER_OBJECT_CONVERSION = YES_AGGRESSIVE;
				CLANG_CXX_LANGUAGE_STANDARD = "gnu++14";
				CLANG_CXX_LIBRARY = "libc++";
				CLANG_ENABLE_MODULES = YES;
				CLANG_ENABLE_OBJC_ARC = YES;
				CLANG_ENABLE_OBJC_WEAK = YES;
				CLANG_WARN_BLOCK_CAPTURE_AUTORELEASING = YES;
				CLANG_WARN_BOOL_CONVERSION = YES;
				CLANG_WARN_COMMA = YES;
				CLANG_WARN_CONSTANT_CONVERSION = YES;
				CLANG_WARN_DEPRECATED_OBJC_IMPLEMENTATIONS = YES;
				CLANG_WARN_DIRECT_OBJC_ISA_USAGE = YES_ERROR;
				CLANG_WARN_DOCUMENTATION_COMMENTS = YES;
				CLANG_WARN_EMPTY_BODY = YES;
				CLANG_WARN_ENUM_CONVERSION = YES;
				CLANG_WARN_INFINITE_RECURSION = YES;
				CLANG_WARN_INT_CONVERSION = YES;
				CLANG_WARN_NON_LITERAL_NULL_CONVERSION = YES;
				CLANG_WARN_OBJC_IMPLICIT_RETAIN_SELF = YES;
				CLANG_WARN_OBJC_LITERAL_CONVERSION = YES;
				CLANG_WARN_OBJC_ROOT_CLASS = YES_ERROR;
				CLANG_WARN_RANGE_LOOP_ANALYSIS = YES;
				CLANG_WARN_STRICT_PROTOTYPES = YES;
				CLANG_WARN_SUSPICIOUS_MOVE = YES;
				CLANG_WARN_UNGUARDED_AVAILABILITY = YES_AGGRESSIVE;
				CLANG_WARN_UNREACHABLE_CODE = YES;
				CLANG_WARN__DUPLICATE_METHOD_MATCH = YES;
				CODE_SIGN_IDENTITY = "iPhone Developer";
				COPY_PHASE_STRIP = NO;
				DEBUG_INFORMATION_FORMAT = "dwarf-with-dsym";
				ENABLE_NS_ASSERTIONS = NO;
				ENABLE_STRICT_OBJC_MSGSEND = YES;
				GCC_C_LANGUAGE_STANDARD = gnu11;
				GCC_NO_COMMON_BLOCKS = YES;
				GCC_WARN_64_TO_32_BIT_CONVERSION = YES;
				GCC_WARN_ABOUT_RETURN_TYPE = YES_ERROR;
				GCC_WARN_UNDECLARED_SELECTOR = YES;
				GCC_WARN_UNINITIALIZED_AUTOS = YES_AGGRESSIVE;
				GCC_WARN_UNUSED_FUNCTION = YES;
				GCC_WARN_UNUSED_VARIABLE = YES;
				IPHONEOS_DEPLOYMENT_TARGET = 11.3;
				MTL_ENABLE_DEBUG_INFO = NO;
				SDKROOT = iphoneos;
				SWIFT_COMPILATION_MODE = wholemodule;
				SWIFT_OPTIMIZATION_LEVEL = "-O";
				VALIDATE_PRODUCT = YES;
			};
			name = Release;
		};
		4F8B46192080A69B00AEBE9D /* Debug */ = {
			isa = XCBuildConfiguration;
			buildSettings = {
				ASSETCATALOG_COMPILER_APPICON_NAME = AppIcon;
				CODE_SIGN_STYLE = Automatic;
				INFOPLIST_FILE = VideoPlayDemo/Info.plist;
				LD_RUNPATH_SEARCH_PATHS = (
					"$(inherited)",
					"@executable_path/Frameworks",
				);
				PRODUCT_BUNDLE_IDENTIFIER = jp.lurf.VideoPlayDemo;
				PRODUCT_NAME = "$(TARGET_NAME)";
				SWIFT_VERSION = 4.0;
				TARGETED_DEVICE_FAMILY = "1,2";
			};
			name = Debug;
		};
		4F8B461A2080A69B00AEBE9D /* Release */ = {
			isa = XCBuildConfiguration;
			buildSettings = {
				ASSETCATALOG_COMPILER_APPICON_NAME = AppIcon;
				CODE_SIGN_STYLE = Automatic;
				INFOPLIST_FILE = VideoPlayDemo/Info.plist;
				LD_RUNPATH_SEARCH_PATHS = (
					"$(inherited)",
					"@executable_path/Frameworks",
				);
				PRODUCT_BUNDLE_IDENTIFIER = jp.lurf.VideoPlayDemo;
				PRODUCT_NAME = "$(TARGET_NAME)";
				SWIFT_VERSION = 4.0;
				TARGETED_DEVICE_FAMILY = "1,2";
			};
			name = Release;
		};
		4F8B461C2080A69B00AEBE9D /* Debug */ = {
			isa = XCBuildConfiguration;
			buildSettings = {
				ALWAYS_EMBED_SWIFT_STANDARD_LIBRARIES = YES;
				BUNDLE_LOADER = "$(TEST_HOST)";
				CODE_SIGN_STYLE = Automatic;
				INFOPLIST_FILE = VideoPlayDemoTests/Info.plist;
				LD_RUNPATH_SEARCH_PATHS = (
					"$(inherited)",
					"@executable_path/Frameworks",
					"@loader_path/Frameworks",
				);
				PRODUCT_BUNDLE_IDENTIFIER = jp.lurf.VideoPlayDemoTests;
				PRODUCT_NAME = "$(TARGET_NAME)";
				SWIFT_VERSION = 4.0;
				TARGETED_DEVICE_FAMILY = "1,2";
				TEST_HOST = "$(BUILT_PRODUCTS_DIR)/VideoPlayDemo.app/VideoPlayDemo";
			};
			name = Debug;
		};
		4F8B461D2080A69B00AEBE9D /* Release */ = {
			isa = XCBuildConfiguration;
			buildSettings = {
				ALWAYS_EMBED_SWIFT_STANDARD_LIBRARIES = YES;
				BUNDLE_LOADER = "$(TEST_HOST)";
				CODE_SIGN_STYLE = Automatic;
				INFOPLIST_FILE = VideoPlayDemoTests/Info.plist;
				LD_RUNPATH_SEARCH_PATHS = (
					"$(inherited)",
					"@executable_path/Frameworks",
					"@loader_path/Frameworks",
				);
				PRODUCT_BUNDLE_IDENTIFIER = jp.lurf.VideoPlayDemoTests;
				PRODUCT_NAME = "$(TARGET_NAME)";
				SWIFT_VERSION = 4.0;
				TARGETED_DEVICE_FAMILY = "1,2";
				TEST_HOST = "$(BUILT_PRODUCTS_DIR)/VideoPlayDemo.app/VideoPlayDemo";
			};
			name = Release;
		};
		4F8B461F2080A69B00AEBE9D /* Debug */ = {
			isa = XCBuildConfiguration;
			buildSettings = {
				ALWAYS_EMBED_SWIFT_STANDARD_LIBRARIES = YES;
				CODE_SIGN_STYLE = Automatic;
				INFOPLIST_FILE = VideoPlayDemoUITests/Info.plist;
				LD_RUNPATH_SEARCH_PATHS = (
					"$(inherited)",
					"@executable_path/Frameworks",
					"@loader_path/Frameworks",
				);
				PRODUCT_BUNDLE_IDENTIFIER = jp.lurf.VideoPlayDemoUITests;
				PRODUCT_NAME = "$(TARGET_NAME)";
				SWIFT_VERSION = 4.0;
				TARGETED_DEVICE_FAMILY = "1,2";
				TEST_TARGET_NAME = VideoPlayDemo;
			};
			name = Debug;
		};
		4F8B46202080A69B00AEBE9D /* Release */ = {
			isa = XCBuildConfiguration;
			buildSettings = {
				ALWAYS_EMBED_SWIFT_STANDARD_LIBRARIES = YES;
				CODE_SIGN_STYLE = Automatic;
				INFOPLIST_FILE = VideoPlayDemoUITests/Info.plist;
				LD_RUNPATH_SEARCH_PATHS = (
					"$(inherited)",
					"@executable_path/Frameworks",
					"@loader_path/Frameworks",
				);
				PRODUCT_BUNDLE_IDENTIFIER = jp.lurf.VideoPlayDemoUITests;
				PRODUCT_NAME = "$(TARGET_NAME)";
				SWIFT_VERSION = 4.0;
				TARGETED_DEVICE_FAMILY = "1,2";
				TEST_TARGET_NAME = VideoPlayDemo;
			};
			name = Release;
		};
/* End XCBuildConfiguration section */

/* Begin XCConfigurationList section */
		4F8B45E92080A69700AEBE9D /* Build configuration list for PBXProject "VideoPlayDemo" */ = {
			isa = XCConfigurationList;
			buildConfigurations = (
				4F8B46162080A69B00AEBE9D /* Debug */,
				4F8B46172080A69B00AEBE9D /* Release */,
			);
			defaultConfigurationIsVisible = 0;
			defaultConfigurationName = Release;
		};
		4F8B46182080A69B00AEBE9D /* Build configuration list for PBXNativeTarget "VideoPlayDemo" */ = {
			isa = XCConfigurationList;
			buildConfigurations = (
				4F8B46192080A69B00AEBE9D /* Debug */,
				4F8B461A2080A69B00AEBE9D /* Release */,
			);
			defaultConfigurationIsVisible = 0;
			defaultConfigurationName = Release;
		};
		4F8B461B2080A69B00AEBE9D /* Build configuration list for PBXNativeTarget "VideoPlayDemoTests" */ = {
			isa = XCConfigurationList;
			buildConfigurations = (
				4F8B461C2080A69B00AEBE9D /* Debug */,
				4F8B461D2080A69B00AEBE9D /* Release */,
			);
			defaultConfigurationIsVisible = 0;
			defaultConfigurationName = Release;
		};
		4F8B461E2080A69B00AEBE9D /* Build configuration list for PBXNativeTarget "VideoPlayDemoUITests" */ = {
			isa = XCConfigurationList;
			buildConfigurations = (
				4F8B461F2080A69B00AEBE9D /* Debug */,
				4F8B46202080A69B00AEBE9D /* Release */,
			);
			defaultConfigurationIsVisible = 0;
			defaultConfigurationName = Release;
		};
/* End XCConfigurationList section */
	};
	rootObject = 4F8B45E62080A69700AEBE9D /* Project object */;
}
